
Microsoft Visual Studio Solution File, Format Version 12.00
# Visual Studio 15
VisualStudioVersion = 15.0.28307.168
MinimumVisualStudioVersion = 10.0.40219.1
Project("{FAE04EC0-301F-11D3-BF4B-00C04F79EFBC}") = "LabJJ2", "LabJJ2\LabJJ2.csproj", "{FD8E702D-488F-4554-BC26-FC73ADC91EBE}"
EndProject
Global
	GlobalSection(SolutionConfigurationPlatforms) = preSolution
		Debug|Any CPU = Debug|Any CPU
		Release|Any CPU = Release|Any CPU
	EndGlobalSection
	GlobalSection(ProjectConfigurationPlatforms) = postSolution
		{FD8E702D-488F-4554-BC26-FC73ADC91EBE}.Debug|Any CPU.ActiveCfg = Debug|Any CPU
		{FD8E702D-488F-4554-BC26-FC73ADC91EBE}.Debug|Any CPU.Build.0 = Debug|Any CPU
		{FD8E702D-488F-4554-BC26-FC73ADC91EBE}.Release|Any CPU.ActiveCfg = Release|Any CPU
		{FD8E702D-488F-4554-BC26-FC73ADC91EBE}.Release|Any CPU.Build.0 = Release|Any CPU
	EndGlobalSection
	GlobalSection(SolutionProperties) = preSolution
		HideSolutionNode = FALSE
	EndGlobalSection
	GlobalSection(ExtensibilityGlobals) = postSolution
		SolutionGuid = {089DF392-77DF-4529-9824-B452433ACBB4}
	EndGlobalSection
EndGlobal
